// !$*UTF8*$!
{
	archiveVersion = 1;
	classes = {
	};
	objectVersion = 46;
	objects = {

/* Begin PBXBuildFile section */
		2A2E335AB7FD31D2CCA6F6E8 /* Pods_RxSwiftCalculator.framework in Frameworks */ = {isa = PBXBuildFile; fileRef = 8DC458C039CA136E0D4BA55E /* Pods_RxSwiftCalculator.framework */; };
		8CACAFA31E8668B1003D9858 /* AppDelegate.swift in Sources */ = {isa = PBXBuildFile; fileRef = 8CACAFA21E8668B1003D9858 /* AppDelegate.swift */; };
		8CACAFA51E8668B1003D9858 /* ViewController.swift in Sources */ = {isa = PBXBuildFile; fileRef = 8CACAFA41E8668B1003D9858 /* ViewController.swift */; };
		8CACAFA81E8668B1003D9858 /* Main.storyboard in Resources */ = {isa = PBXBuildFile; fileRef = 8CACAFA61E8668B1003D9858 /* Main.storyboard */; };
		8CACAFAA1E8668B1003D9858 /* Assets.xcassets in Resources */ = {isa = PBXBuildFile; fileRef = 8CACAFA91E8668B1003D9858 /* Assets.xcassets */; };
		8CACAFAD1E8668B1003D9858 /* LaunchScreen.storyboard in Resources */ = {isa = PBXBuildFile; fileRef = 8CACAFAB1E8668B1003D9858 /* LaunchScreen.storyboard */; };
/* End PBXBuildFile section */

/* Begin PBXFileReference section */
		8CACAF9F1E8668B1003D9858 /* RxSwiftCalculator.app */ = {isa = PBXFileReference; explicitFileType = wrapper.application; includeInIndex = 0; path = RxSwiftCalculator.app; sourceTree = BUILT_PRODUCTS_DIR; };
		8CACAFA21E8668B1003D9858 /* AppDelegate.swift */ = {isa = PBXFileReference; lastKnownFileType = sourcecode.swift; path = AppDelegate.swift; sourceTree = "<group>"; };
		8CACAFA41E8668B1003D9858 /* ViewController.swift */ = {isa = PBXFileReference; lastKnownFileType = sourcecode.swift; path = ViewController.swift; sourceTree = "<group>"; };
		8CACAFA71E8668B1003D9858 /* Base */ = {isa = PBXFileReference; lastKnownFileType = file.storyboard; name = Base; path = Base.lproj/Main.storyboard; sourceTree = "<group>"; };
		8CACAFA91E8668B1003D9858 /* Assets.xcassets */ = {isa = PBXFileReference; lastKnownFileType = folder.assetcatalog; path = Assets.xcassets; sourceTree = "<group>"; };
		8CACAFAC1E8668B1003D9858 /* Base */ = {isa = PBXFileReference; lastKnownFileType = file.storyboard; name = Base; path = Base.lproj/LaunchScreen.storyboard; sourceTree = "<group>"; };
		8CACAFAE1E8668B1003D9858 /* Info.plist */ = {isa = PBXFileReference; lastKnownFileType = text.plist.xml; path = Info.plist; sourceTree = "<group>"; };
		8DC458C039CA136E0D4BA55E /* Pods_RxSwiftCalculator.framework */ = {isa = PBXFileReference; explicitFileType = wrapper.framework; includeInIndex = 0; path = Pods_RxSwiftCalculator.framework; sourceTree = BUILT_PRODUCTS_DIR; };
		9BB2F005755D1029E65FA1CB /* Pods-RxSwiftCalculator.release.xcconfig */ = {isa = PBXFileReference; includeInIndex = 1; lastKnownFileType = text.xcconfig; name = "Pods-RxSwiftCalculator.release.xcconfig"; path = "Pods/Target Support Files/Pods-RxSwiftCalculator/Pods-RxSwiftCalculator.release.xcconfig"; sourceTree = "<group>"; };
		F9017B48183E83055BA8E385 /* Pods-RxSwiftCalculator.debug.xcconfig */ = {isa = PBXFileReference; includeInIndex = 1; lastKnownFileType = text.xcconfig; name = "Pods-RxSwiftCalculator.debug.xcconfig"; path = "Pods/Target Support Files/Pods-RxSwiftCalculator/Pods-RxSwiftCalculator.debug.xcconfig"; sourceTree = "<group>"; };
/* End PBXFileReference section */

/* Begin PBXFrameworksBuildPhase section */
		8CACAF9C1E8668B1003D9858 /* Frameworks */ = {
			isa = PBXFrameworksBuildPhase;
			buildActionMask = 2147483647;
			files = (
				2A2E335AB7FD31D2CCA6F6E8 /* Pods_RxSwiftCalculator.framework in Frameworks */,
			);
			runOnlyForDeploymentPostprocessing = 0;
		};
/* End PBXFrameworksBuildPhase section */

/* Begin PBXGroup section */
		427E55D4820BB484481E16A6 /* Frameworks */ = {
			isa = PBXGroup;
			children = (
				8DC458C039CA136E0D4BA55E /* Pods_RxSwiftCalculator.framework */,
			);
			name = Frameworks;
			sourceTree = "<group>";
		};
		673FB72459669FB6EC6D8726 /* Pods */ = {
			isa = PBXGroup;
			children = (
				F9017B48183E83055BA8E385 /* Pods-RxSwiftCalculator.debug.xcconfig */,
				9BB2F005755D1029E65FA1CB /* Pods-RxSwiftCalculator.release.xcconfig */,
			);
			name = Pods;
			sourceTree = "<group>";
		};
		8CACAF961E8668B1003D9858 = {
			isa = PBXGroup;
			children = (
				8CACAFA11E8668B1003D9858 /* RxSwiftCalculator */,
				8CACAFA01E8668B1003D9858 /* Products */,
				673FB72459669FB6EC6D8726 /* Pods */,
				427E55D4820BB484481E16A6 /* Frameworks */,
			);
			sourceTree = "<group>";
		};
		8CACAFA01E8668B1003D9858 /* Products */ = {
			isa = PBXGroup;
			children = (
				8CACAF9F1E8668B1003D9858 /* RxSwiftCalculator.app */,
			);
			name = Products;
			sourceTree = "<group>";
		};
		8CACAFA11E8668B1003D9858 /* RxSwiftCalculator */ = {
			isa = PBXGroup;
			children = (
				8CACAFA21E8668B1003D9858 /* AppDelegate.swift */,
				8CACAFA41E8668B1003D9858 /* ViewController.swift */,
				8CACAFA61E8668B1003D9858 /* Main.storyboard */,
				8CACAFA91E8668B1003D9858 /* Assets.xcassets */,
				8CACAFAB1E8668B1003D9858 /* LaunchScreen.storyboard */,
				8CACAFAE1E8668B1003D9858 /* Info.plist */,
			);
			path = RxSwiftCalculator;
			sourceTree = "<group>";
		};
/* End PBXGroup section */

/* Begin PBXNativeTarget section */
		8CACAF9E1E8668B1003D9858 /* RxSwiftCalculator */ = {
			isa = PBXNativeTarget;
			buildConfigurationList = 8CACAFB11E8668B1003D9858 /* Build configuration list for PBXNativeTarget "RxSwiftCalculator" */;
			buildPhases = (
				C6CA6940D0FA2FE5170CE4D2 /* [CP] Check Pods Manifest.lock */,
				8CACAF9B1E8668B1003D9858 /* Sources */,
				8CACAF9C1E8668B1003D9858 /* Frameworks */,
				8CACAF9D1E8668B1003D9858 /* Resources */,
				FAA2680A6DDBB7E5CF2DE2FE /* [CP] Embed Pods Frameworks */,
				D3C22950CED4CD4A16763314 /* [CP] Copy Pods Resources */,
			);
			buildRules = (
			);
			dependencies = (
			);
			name = RxSwiftCalculator;
			productName = RxSwiftCalculator;
			productReference = 8CACAF9F1E8668B1003D9858 /* RxSwiftCalculator.app */;
			productType = "com.apple.product-type.application";
		};
/* End PBXNativeTarget section */

/* Begin PBXProject section */
		8CACAF971E8668B1003D9858 /* Project object */ = {
			isa = PBXProject;
			attributes = {
				LastSwiftUpdateCheck = 0820;
				LastUpgradeCheck = 0820;
				ORGANIZATIONNAME = Coder;
				TargetAttributes = {
					8CACAF9E1E8668B1003D9858 = {
						CreatedOnToolsVersion = 8.2.1;
						DevelopmentTeam = 2462Q76A7G;
						ProvisioningStyle = Automatic;
					};
				};
			};
			buildConfigurationList = 8CACAF9A1E8668B1003D9858 /* Build configuration list for PBXProject "RxSwiftCalculator" */;
			compatibilityVersion = "Xcode 3.2";
			developmentRegion = English;
			hasScannedForEncodings = 0;
			knownRegions = (
				en,
				Base,
			);
			mainGroup = 8CACAF961E8668B1003D9858;
			productRefGroup = 8CACAFA01E8668B1003D9858 /* Products */;
			projectDirPath = "";
			projectRoot = "";
			targets = (
				8CACAF9E1E8668B1003D9858 /* RxSwiftCalculator */,
			);
		};
/* End PBXProject section */

/* Begin PBXResourcesBuildPhase section */
		8CACAF9D1E8668B1003D9858 /* Resources */ = {
			isa = PBXResourcesBuildPhase;
			buildActionMask = 2147483647;
			files = (
				8CACAFAD1E8668B1003D9858 /* LaunchScreen.storyboard in Resources */,
				8CACAFAA1E8668B1003D9858 /* Assets.xcassets in Resources */,
				8CACAFA81E8668B1003D9858 /* Main.storyboard in Resources */,
			);
			runOnlyForDeploymentPostprocessing = 0;
		};
/* End PBXResourcesBuildPhase section */

/* Begin PBXShellScriptBuildPhase section */
		C6CA6940D0FA2FE5170CE4D2 /* [CP] Check Pods Manifest.lock */ = {
			isa = PBXShellScriptBuildPhase;
			buildActionMask = 2147483647;
			files = (
			);
			inputPaths = (
			);
			name = "[CP] Check Pods Manifest.lock";
			outputPaths = (
			);
			runOnlyForDeploymentPostprocessing = 0;
			shellPath = /bin/sh;
			shellScript = "diff \"${PODS_ROOT}/../Podfile.lock\" \"${PODS_ROOT}/Manifest.lock\" > /dev/null\nif [ $? != 0 ] ; then\n    # print error to STDERR\n    echo \"error: The sandbox is not in sync with the Podfile.lock. Run 'pod install' or update your CocoaPods installation.\" >&2\n    exit 1\nfi\n";
			showEnvVarsInLog = 0;
		};
		D3C22950CED4CD4A16763314 /* [CP] Copy Pods Resources */ = {
			isa = PBXShellScriptBuildPhase;
			buildActionMask = 2147483647;
			files = (
			);
			inputPaths = (
			);
			name = "[CP] Copy Pods Resources";
			outputPaths = (
			);
			runOnlyForDeploymentPostprocessing = 0;
			shellPath = /bin/sh;
			shellScript = "\"${SRCROOT}/Pods/Target Support Files/Pods-RxSwiftCalculator/Pods-RxSwiftCalculator-resources.sh\"\n";
			showEnvVarsInLog = 0;
		};
		FAA2680A6DDBB7E5CF2DE2FE /* [CP] Embed Pods Frameworks */ = {
			isa = PBXShellScriptBuildPhase;
			buildActionMask = 2147483647;
			files = (
			);
			inputPaths = (
			);
			name = "[CP] Embed Pods Frameworks";
			outputPaths = (
			);
			runOnlyForDeploymentPostprocessing = 0;
			shellPath = /bin/sh;
			shellScript = "\"${SRCROOT}/Pods/Target Support Files/Pods-RxSwiftCalculator/Pods-RxSwiftCalculator-frameworks.sh\"\n";
			showEnvVarsInLog = 0;
		};
/* End PBXShellScriptBuildPhase section */

/* Begin PBXSourcesBuildPhase section */
		8CACAF9B1E8668B1003D9858 /* Sources */ = {
			isa = PBXSourcesBuildPhase;
			buildActionMask = 2147483647;
			files = (
				8CACAFA51E8668B1003D9858 /* ViewController.swift in Sources */,
				8CACAFA31E8668B1003D9858 /* AppDelegate.swift in Sources */,
			);
			runOnlyForDeploymentPostprocessing = 0;
		};
/* End PBXSourcesBuildPhase section */

/* Begin PBXVariantGroup section */
		8CACAFA61E8668B1003D9858 /* Main.storyboard */ = {
			isa = PBXVariantGroup;
			children = (
				8CACAFA71E8668B1003D9858 /* Base */,
			);
			name = Main.storyboard;
			sourceTree = "<group>";
		};
		8CACAFAB1E8668B1003D9858 /* LaunchScreen.storyboard */ = {
			isa = PBXVariantGroup;
			children = (
				8CACAFAC1E8668B1003D9858 /* Base */,
			);
			name = LaunchScreen.storyboard;
			sourceTree = "<group>";
		};
/* End PBXVariantGroup section */

/* Begin XCBuildConfiguration section */
		8CACAFAF1E8668B1003D9858 /* Debug */ = {
			isa = XCBuildConfiguration;
			buildSettings = {
				ALWAYS_SEARCH_USER_PATHS = NO;
				CLANG_ANALYZER_NONNULL = YES;
				CLANG_CXX_LANGUAGE_STANDARD = "gnu++0x";
				CLANG_CXX_LIBRARY = "libc++";
				CLANG_ENABLE_MODULES = YES;
				CLANG_ENABLE_OBJC_ARC = YES;
				CLANG_WARN_BOOL_CONVERSION = YES;
				CLANG_WARN_CONSTANT_CONVERSION = YES;
				CLANG_WARN_DIRECT_OBJC_ISA_USAGE = YES_ERROR;
				CLANG_WARN_DOCUMENTATION_COMMENTS = YES;
				CLANG_WARN_EMPTY_BODY = YES;
				CLANG_WARN_ENUM_CONVERSION = YES;
				CLANG_WARN_INFINITE_RECURSION = YES;
				CLANG_WARN_INT_CONVERSION = YES;
				CLANG_WARN_OBJC_ROOT_CLASS = YES_ERROR;
				CLANG_WARN_SUSPICIOUS_MOVE = YES;
				CLANG_WARN_UNREACHABLE_CODE = YES;
				CLANG_WARN__DUPLICATE_METHOD_MATCH = YES;
				"CODE_SIGN_IDENTITY[sdk=iphoneos*]" = "iPhone Developer";
				COPY_PHASE_STRIP = NO;
				DEBUG_INFORMATION_FORMAT = dwarf;
				ENABLE_STRICT_OBJC_MSGSEND = YES;
				ENABLE_TESTABILITY = YES;
				GCC_C_LANGUAGE_STANDARD = gnu99;
				GCC_DYNAMIC_NO_PIC = NO;
				GCC_NO_COMMON_BLOCKS = YES;
				GCC_OPTIMIZATION_LEVEL = 0;
				GCC_PREPROCESSOR_DEFINITIONS = (
					"DEBUG=1",
					"$(inherited)",
				);
				GCC_WARN_64_TO_32_BIT_CONVERSION = YES;
				GCC_WARN_ABOUT_RETURN_TYPE = YES_ERROR;
				GCC_WARN_UNDECLARED_SELECTOR = YES;
				GCC_WARN_UNINITIALIZED_AUTOS = YES_AGGRESSIVE;
				GCC_WARN_UNUSED_FUNCTION = YES;
				GCC_WARN_UNUSED_VARIABLE = YES;
				IPHONEOS_DEPLOYMENT_TARGET = 10.2;
				MTL_ENABLE_DEBUG_INFO = YES;
				ONLY_ACTIVE_ARCH = YES;
				SDKROOT = iphoneos;
				SWIFT_ACTIVE_COMPILATION_CONDITIONS = DEBUG;
				SWIFT_OPTIMIZATION_LEVEL = "-Onone";
				TARGETED_DEVICE_FAMILY = "1,2";
			};
			name = Debug;
		};
		8CACAFB01E8668B1003D9858 /* Release */ = {
			isa = XCBuildConfiguration;
			buildSettings = {
				ALWAYS_SEARCH_USER_PATHS = NO;
				CLANG_ANALYZER_NONNULL = YES;
				CLANG_CXX_LANGUAGE_STANDARD = "gnu++0x";
				CLANG_CXX_LIBRARY = "libc++";
				CLANG_ENABLE_MODULES = YES;
				CLANG_ENABLE_OBJC_ARC = YES;
				CLANG_WARN_BOOL_CONVERSION = YES;
				CLANG_WARN_CONSTANT_CONVERSION = YES;
				CLANG_WARN_DIRECT_OBJC_ISA_USAGE = YES_ERROR;
				CLANG_WARN_DOCUMENTATION_COMMENTS = YES;
				CLANG_WARN_EMPTY_BODY = YES;
				CLANG_WARN_ENUM_CONVERSION = YES;
				CLANG_WARN_INFINITE_RECURSION = YES;
				CLANG_WARN_INT_CONVERSION = YES;
				CLANG_WARN_OBJC_ROOT_CLASS = YES_ERROR;
				CLANG_WARN_SUSPICIOUS_MOVE = YES;
				CLANG_WARN_UNREACHABLE_CODE = YES;
				CLANG_WARN__DUPLICATE_METHOD_MATCH = YES;
				"CODE_SIGN_IDENTITY[sdk=iphoneos*]" = "iPhone Developer";
				COPY_PHASE_STRIP = NO;
				DEBUG_INFORMATION_FORMAT = "dwarf-with-dsym";
				ENABLE_NS_ASSERTIONS = NO;
				ENABLE_STRICT_OBJC_MSGSEND = YES;
				GCC_C_LANGUAGE_STANDARD = gnu99;
				GCC_NO_COMMON_BLOCKS = YES;
				GCC_WARN_64_TO_32_BIT_CONVERSION = YES;
				GCC_WARN_ABOUT_RETURN_TYPE = YES_ERROR;
				GCC_WARN_UNDECLARED_SELECTOR = YES;
				GCC_WARN_UNINITIALIZED_AUTOS = YES_AGGRESSIVE;
				GCC_WARN_UNUSED_FUNCTION = YES;
				GCC_WARN_UNUSED_VARIABLE = YES;
				IPHONEOS_DEPLOYMENT_TARGET = 10.2;
				MTL_ENABLE_DEBUG_INFO = NO;
				SDKROOT = iphoneos;
				SWIFT_OPTIMIZATION_LEVEL = "-Owholemodule";
				TARGETED_DEVICE_FAMILY = "1,2";
				VALIDATE_PRODUCT = YES;
			};
			name = Release;
		};
		8CACAFB21E8668B1003D9858 /* Debug */ = {
			isa = XCBuildConfiguration;
			baseConfigurationReference = F9017B48183E83055BA8E385 /* Pods-RxSwiftCalculator.debug.xcconfig */;
			buildSettings = {
				ASSETCATALOG_COMPILER_APPICON_NAME = AppIcon;
				DEVELOPMENT_TEAM = 2462Q76A7G;
				INFOPLIST_FILE = RxSwiftCalculator/Info.plist;
				IPHONEOS_DEPLOYMENT_TARGET = 8.0;
				LD_RUNPATH_SEARCH_PATHS = "$(inherited) @executable_path/Frameworks";
				PRODUCT_BUNDLE_IDENTIFIER = com.alonemonkey.RxSwiftCalculator;
				PRODUCT_NAME = "$(TARGET_NAME)";
				SWIFT_VERSION = 3.0;
			};
			name = Debug;
		};
		8CACAFB31E8668B1003D9858 /* Release */ = {
			isa = XCBuildConfiguration;
			baseConfigurationReference = 9BB2F005755D1029E65FA1CB /* Pods-RxSwiftCalculator.release.xcconfig */;
			buildSettings = {
				ASSETCATALOG_COMPILER_APPICON_NAME = AppIcon;
				DEVELOPMENT_TEAM = 2462Q76A7G;
				INFOPLIST_FILE = RxSwiftCalculator/Info.plist;
				IPHONEOS_DEPLOYMENT_TARGET = 8.0;
				LD_RUNPATH_SEARCH_PATHS = "$(inherited) @executable_path/Frameworks";
				PRODUCT_BUNDLE_IDENTIFIER = com.alonemonkey.RxSwiftCalculator;
				PRODUCT_NAME = "$(TARGET_NAME)";
				SWIFT_VERSION = 3.0;
			};
			name = Release;
		};
/* End XCBuildConfiguration section */

/* Begin XCConfigurationList section */
		8CACAF9A1E8668B1003D9858 /* Build configuration list for PBXProject "RxSwiftCalculator" */ = {
			isa = XCConfigurationList;
			buildConfigurations = (
				8CACAFAF1E8668B1003D9858 /* Debug */,
				8CACAFB01E8668B1003D9858 /* Release */,
			);
			defaultConfigurationIsVisible = 0;
			defaultConfigurationName = Release;
		};
		8CACAFB11E8668B1003D9858 /* Build configuration list for PBXNativeTarget "RxSwiftCalculator" */ = {
			isa = XCConfigurationList;
			buildConfigurations = (
				8CACAFB21E8668B1003D9858 /* Debug */,
				8CACAFB31E8668B1003D9858 /* Release */,
			);
			defaultConfigurationIsVisible = 0;
		};
/* End XCConfigurationList section */
	};
	rootObject = 8CACAF971E8668B1003D9858 /* Project object */;
}
