PODS:
  - RxCocoa (3.3.1):
    - RxSwift (~> 3.3)
  - RxDataSources (1.0.3):
    - RxCocoa (~> 3.0)
    - RxSwift (~> 3.0)
  - RxSwift (3.3.1)

DEPENDENCIES:
  - RxCocoa
  - RxDataSources
  - RxSwift

SPEC CHECKSUMS:
  RxCocoa: 7dcb7a1860fc9cd0e23dae67ab105fc2916670b6
  RxDataSources: a021a0e944ba5f7991259829d973afdbfa719c0b
  RxSwift: 8fc9f2de6275a9101d518444e00bf32f1a42caac

PODFILE CHECKSUM: feb31ae5fd372a7b36406177796d5af23307cb41

COCOAPODS: 1.1.1
